
Microsoft Visual Studio Solution File, Format Version 12.00
# Visual Studio Version 17
VisualStudioVersion = 17.0.31903.59
MinimumVisualStudioVersion = 10.0.40219.1
Project("{FAE04EC0-301F-11D3-BF4B-00C04F79EFBC}") = "BlazorApp", "src\BlazorApp\BlazorApp.csproj", "{BD8F0FA3-9216-4741-ABDD-6A32A6AA0520}"
EndProject
Project("{FAE04EC0-301F-11D3-BF4B-00C04F79EFBC}") = "BlazorApp.Client", "src\BlazorApp.Client\BlazorApp.Client.csproj", "{8C3ADE5C-704E-40C0-B9D2-005540E6B0E3}"
EndProject
Project("{FAE04EC0-301F-11D3-BF4B-00C04F79EFBC}") = "BlazorApp.Shared", "src\BlazorApp.Shared\BlazorApp.Shared.csproj", "{50806263-6C07-4793-BE56-256DB17580E7}"
EndProject
Project("{2150E333-8FDC-42A3-9474-1A3956D46DE8}") = "1. Solution Items", "1. Solution Items", "{ED41A8C7-153F-4FA5-8F89-133EECDBB39A}"
	ProjectSection(SolutionItems) = preProject
		.editorconfig = .editorconfig
		.gitattributes = .gitattributes
		.gitignore = .gitignore
		LICENSE.txt = LICENSE.txt
		README.md = README.md
	EndProjectSection
EndProject
Project("{2150E333-8FDC-42A3-9474-1A3956D46DE8}") = "2. SRC Solution Items", "2. SRC Solution Items", "{416F6404-F5B5-41CD-96AD-E652ED5FD2DA}"
	ProjectSection(SolutionItems) = preProject
		src\.editorconfig = src\.editorconfig
	EndProjectSection
EndProject
Global
	GlobalSection(SolutionConfigurationPlatforms) = preSolution
		Debug|Any CPU = Debug|Any CPU
		Release|Any CPU = Release|Any CPU
	EndGlobalSection
	GlobalSection(ProjectConfigurationPlatforms) = postSolution
		{BD8F0FA3-9216-4741-ABDD-6A32A6AA0520}.Debug|Any CPU.ActiveCfg = Debug|Any CPU
		{BD8F0FA3-9216-4741-ABDD-6A32A6AA0520}.Debug|Any CPU.Build.0 = Debug|Any CPU
		{BD8F0FA3-9216-4741-ABDD-6A32A6AA0520}.Release|Any CPU.ActiveCfg = Release|Any CPU
		{BD8F0FA3-9216-4741-ABDD-6A32A6AA0520}.Release|Any CPU.Build.0 = Release|Any CPU
		{8C3ADE5C-704E-40C0-B9D2-005540E6B0E3}.Debug|Any CPU.ActiveCfg = Debug|Any CPU
		{8C3ADE5C-704E-40C0-B9D2-005540E6B0E3}.Debug|Any CPU.Build.0 = Debug|Any CPU
		{8C3ADE5C-704E-40C0-B9D2-005540E6B0E3}.Release|Any CPU.ActiveCfg = Release|Any CPU
		{8C3ADE5C-704E-40C0-B9D2-005540E6B0E3}.Release|Any CPU.Build.0 = Release|Any CPU
		{50806263-6C07-4793-BE56-256DB17580E7}.Debug|Any CPU.ActiveCfg = Debug|Any CPU
		{50806263-6C07-4793-BE56-256DB17580E7}.Debug|Any CPU.Build.0 = Debug|Any CPU
		{50806263-6C07-4793-BE56-256DB17580E7}.Release|Any CPU.ActiveCfg = Release|Any CPU
		{50806263-6C07-4793-BE56-256DB17580E7}.Release|Any CPU.Build.0 = Release|Any CPU
	EndGlobalSection
	GlobalSection(SolutionProperties) = preSolution
		HideSolutionNode = FALSE
	EndGlobalSection
	GlobalSection(ExtensibilityGlobals) = postSolution
		SolutionGuid = {D5F039D1-E4D7-4934-9E6F-29C8EAAE1433}
	EndGlobalSection
EndGlobal
